
Microsoft Visual Studio Solution File, Format Version 12.00
# Visual Studio Version 17
VisualStudioVersion = 17.3.32819.101
MinimumVisualStudioVersion = 10.0.40219.1
Project("{FAE04EC0-301F-11D3-BF4B-00C04F79EFBC}") = "DTD-Migration", "DTD-Migration\DTD-Migration.csproj", "{A26E1244-5D35-4FBF-8599-98EFFD8EA831}"
EndProject
Global
	GlobalSection(SolutionConfigurationPlatforms) = preSolution
		Debug|Any CPU = Debug|Any CPU
		Release|Any CPU = Release|Any CPU
	EndGlobalSection
	GlobalSection(ProjectConfigurationPlatforms) = postSolution
		{A26E1244-5D35-4FBF-8599-98EFFD8EA831}.Debug|Any CPU.ActiveCfg = Debug|Any CPU
		{A26E1244-5D35-4FBF-8599-98EFFD8EA831}.Debug|Any CPU.Build.0 = Debug|Any CPU
		{A26E1244-5D35-4FBF-8599-98EFFD8EA831}.Release|Any CPU.ActiveCfg = Release|Any CPU
		{A26E1244-5D35-4FBF-8599-98EFFD8EA831}.Release|Any CPU.Build.0 = Release|Any CPU
	EndGlobalSection
	GlobalSection(SolutionProperties) = preSolution
		HideSolutionNode = FALSE
	EndGlobalSection
	GlobalSection(ExtensibilityGlobals) = postSolution
		SolutionGuid = {3EE8236E-16A6-4E1A-AD77-08AB910AE866}
	EndGlobalSection
EndGlobal
